
Microsoft Visual Studio Solution File, Format Version 12.00
# Visual Studio 15
VisualStudioVersion = 15.0.28307.421
MinimumVisualStudioVersion = 10.0.40219.1
Project("{FAE04EC0-301F-11D3-BF4B-00C04F79EFBC}") = "TimerApp.Android", "TimerApp\TimerApp.Android\TimerApp.Android.csproj", "{0ECF33A9-B257-4A91-A1B6-6AB53EA8AE45}"
EndProject
Project("{FAE04EC0-301F-11D3-BF4B-00C04F79EFBC}") = "TimerApp.iOS", "TimerApp\TimerApp.iOS\TimerApp.iOS.csproj", "{D82DE098-542A-445E-BBFE-70ACA02E029E}"
EndProject
Project("{FAE04EC0-301F-11D3-BF4B-00C04F79EFBC}") = "TimerApp", "TimerApp\TimerApp\TimerApp.csproj", "{397F09E9-7342-4D41-BB22-49DEC6E07C50}"
EndProject
Global
	GlobalSection(SolutionConfigurationPlatforms) = preSolution
		Ad-Hoc|Any CPU = Ad-Hoc|Any CPU
		Ad-Hoc|iPhone = Ad-Hoc|iPhone
		Ad-Hoc|iPhoneSimulator = Ad-Hoc|iPhoneSimulator
		AppStore|Any CPU = AppStore|Any CPU
		AppStore|iPhone = AppStore|iPhone
		AppStore|iPhoneSimulator = AppStore|iPhoneSimulator
		Debug|Any CPU = Debug|Any CPU
		Debug|iPhone = Debug|iPhone
		Debug|iPhoneSimulator = Debug|iPhoneSimulator
		Release|Any CPU = Release|Any CPU
		Release|iPhone = Release|iPhone
		Release|iPhoneSimulator = Release|iPhoneSimulator
	EndGlobalSection
	GlobalSection(ProjectConfigurationPlatforms) = postSolution
		{0ECF33A9-B257-4A91-A1B6-6AB53EA8AE45}.Ad-Hoc|Any CPU.ActiveCfg = Release|Any CPU
		{0ECF33A9-B257-4A91-A1B6-6AB53EA8AE45}.Ad-Hoc|Any CPU.Build.0 = Release|Any CPU
		{0ECF33A9-B257-4A91-A1B6-6AB53EA8AE45}.Ad-Hoc|Any CPU.Deploy.0 = Release|Any CPU
		{0ECF33A9-B257-4A91-A1B6-6AB53EA8AE45}.Ad-Hoc|iPhone.ActiveCfg = Release|Any CPU
		{0ECF33A9-B257-4A91-A1B6-6AB53EA8AE45}.Ad-Hoc|iPhone.Build.0 = Release|Any CPU
		{0ECF33A9-B257-4A91-A1B6-6AB53EA8AE45}.Ad-Hoc|iPhone.Deploy.0 = Release|Any CPU
		{0ECF33A9-B257-4A91-A1B6-6AB53EA8AE45}.Ad-Hoc|iPhoneSimulator.ActiveCfg = Release|Any CPU
		{0ECF33A9-B257-4A91-A1B6-6AB53EA8AE45}.Ad-Hoc|iPhoneSimulator.Build.0 = Release|Any CPU
		{0ECF33A9-B257-4A91-A1B6-6AB53EA8AE45}.Ad-Hoc|iPhoneSimulator.Deploy.0 = Release|Any CPU
		{0ECF33A9-B257-4A91-A1B6-6AB53EA8AE45}.AppStore|Any CPU.ActiveCfg = Release|Any CPU
		{0ECF33A9-B257-4A91-A1B6-6AB53EA8AE45}.AppStore|Any CPU.Build.0 = Release|Any CPU
		{0ECF33A9-B257-4A91-A1B6-6AB53EA8AE45}.AppStore|Any CPU.Deploy.0 = Release|Any CPU
		{0ECF33A9-B257-4A91-A1B6-6AB53EA8AE45}.AppStore|iPhone.ActiveCfg = Release|Any CPU
		{0ECF33A9-B257-4A91-A1B6-6AB53EA8AE45}.AppStore|iPhone.Build.0 = Release|Any CPU
		{0ECF33A9-B257-4A91-A1B6-6AB53EA8AE45}.AppStore|iPhone.Deploy.0 = Release|Any CPU
		{0ECF33A9-B257-4A91-A1B6-6AB53EA8AE45}.AppStore|iPhoneSimulator.ActiveCfg = Release|Any CPU
		{0ECF33A9-B257-4A91-A1B6-6AB53EA8AE45}.AppStore|iPhoneSimulator.Build.0 = Release|Any CPU
		{0ECF33A9-B257-4A91-A1B6-6AB53EA8AE45}.AppStore|iPhoneSimulator.Deploy.0 = Release|Any CPU
		{0ECF33A9-B257-4A91-A1B6-6AB53EA8AE45}.Debug|Any CPU.ActiveCfg = Debug|Any CPU
		{0ECF33A9-B257-4A91-A1B6-6AB53EA8AE45}.Debug|Any CPU.Build.0 = Debug|Any CPU
		{0ECF33A9-B257-4A91-A1B6-6AB53EA8AE45}.Debug|Any CPU.Deploy.0 = Debug|Any CPU
		{0ECF33A9-B257-4A91-A1B6-6AB53EA8AE45}.Debug|iPhone.ActiveCfg = Debug|Any CPU
		{0ECF33A9-B257-4A91-A1B6-6AB53EA8AE45}.Debug|iPhone.Build.0 = Debug|Any CPU
		{0ECF33A9-B257-4A91-A1B6-6AB53EA8AE45}.Debug|iPhone.Deploy.0 = Debug|Any CPU
		{0ECF33A9-B257-4A91-A1B6-6AB53EA8AE45}.Debug|iPhoneSimulator.ActiveCfg = Debug|Any CPU
		{0ECF33A9-B257-4A91-A1B6-6AB53EA8AE45}.Debug|iPhoneSimulator.Build.0 = Debug|Any CPU
		{0ECF33A9-B257-4A91-A1B6-6AB53EA8AE45}.Debug|iPhoneSimulator.Deploy.0 = Debug|Any CPU
		{0ECF33A9-B257-4A91-A1B6-6AB53EA8AE45}.Release|Any CPU.ActiveCfg = Release|Any CPU
		{0ECF33A9-B257-4A91-A1B6-6AB53EA8AE45}.Release|Any CPU.Build.0 = Release|Any CPU
		{0ECF33A9-B257-4A91-A1B6-6AB53EA8AE45}.Release|Any CPU.Deploy.0 = Release|Any CPU
		{0ECF33A9-B257-4A91-A1B6-6AB53EA8AE45}.Release|iPhone.ActiveCfg = Release|Any CPU
		{0ECF33A9-B257-4A91-A1B6-6AB53EA8AE45}.Release|iPhone.Build.0 = Release|Any CPU
		{0ECF33A9-B257-4A91-A1B6-6AB53EA8AE45}.Release|iPhone.Deploy.0 = Release|Any CPU
		{0ECF33A9-B257-4A91-A1B6-6AB53EA8AE45}.Release|iPhoneSimulator.ActiveCfg = Release|Any CPU
		{0ECF33A9-B257-4A91-A1B6-6AB53EA8AE45}.Release|iPhoneSimulator.Build.0 = Release|Any CPU
		{0ECF33A9-B257-4A91-A1B6-6AB53EA8AE45}.Release|iPhoneSimulator.Deploy.0 = Release|Any CPU
		{D82DE098-542A-445E-BBFE-70ACA02E029E}.Ad-Hoc|Any CPU.ActiveCfg = Ad-Hoc|iPhone
		{D82DE098-542A-445E-BBFE-70ACA02E029E}.Ad-Hoc|Any CPU.Build.0 = Ad-Hoc|iPhone
		{D82DE098-542A-445E-BBFE-70ACA02E029E}.Ad-Hoc|Any CPU.Deploy.0 = Ad-Hoc|iPhone
		{D82DE098-542A-445E-BBFE-70ACA02E029E}.Ad-Hoc|iPhone.ActiveCfg = Ad-Hoc|iPhone
		{D82DE098-542A-445E-BBFE-70ACA02E029E}.Ad-Hoc|iPhone.Build.0 = Ad-Hoc|iPhone
		{D82DE098-542A-445E-BBFE-70ACA02E029E}.Ad-Hoc|iPhone.Deploy.0 = Ad-Hoc|iPhone
		{D82DE098-542A-445E-BBFE-70ACA02E029E}.Ad-Hoc|iPhoneSimulator.ActiveCfg = Ad-Hoc|iPhoneSimulator
		{D82DE098-542A-445E-BBFE-70ACA02E029E}.Ad-Hoc|iPhoneSimulator.Build.0 = Ad-Hoc|iPhoneSimulator
		{D82DE098-542A-445E-BBFE-70ACA02E029E}.Ad-Hoc|iPhoneSimulator.Deploy.0 = Ad-Hoc|iPhoneSimulator
		{D82DE098-542A-445E-BBFE-70ACA02E029E}.AppStore|Any CPU.ActiveCfg = AppStore|iPhone
		{D82DE098-542A-445E-BBFE-70ACA02E029E}.AppStore|Any CPU.Build.0 = AppStore|iPhone
		{D82DE098-542A-445E-BBFE-70ACA02E029E}.AppStore|Any CPU.Deploy.0 = AppStore|iPhone
		{D82DE098-542A-445E-BBFE-70ACA02E029E}.AppStore|iPhone.ActiveCfg = AppStore|iPhone
		{D82DE098-542A-445E-BBFE-70ACA02E029E}.AppStore|iPhone.Build.0 = AppStore|iPhone
		{D82DE098-542A-445E-BBFE-70ACA02E029E}.AppStore|iPhone.Deploy.0 = AppStore|iPhone
		{D82DE098-542A-445E-BBFE-70ACA02E029E}.AppStore|iPhoneSimulator.ActiveCfg = AppStore|iPhoneSimulator
		{D82DE098-542A-445E-BBFE-70ACA02E029E}.AppStore|iPhoneSimulator.Build.0 = AppStore|iPhoneSimulator
		{D82DE098-542A-445E-BBFE-70ACA02E029E}.AppStore|iPhoneSimulator.Deploy.0 = AppStore|iPhoneSimulator
		{D82DE098-542A-445E-BBFE-70ACA02E029E}.Debug|Any CPU.ActiveCfg = Debug|iPhoneSimulator
		{D82DE098-542A-445E-BBFE-70ACA02E029E}.Debug|Any CPU.Build.0 = Debug|iPhoneSimulator
		{D82DE098-542A-445E-BBFE-70ACA02E029E}.Debug|Any CPU.Deploy.0 = Debug|iPhoneSimulator
		{D82DE098-542A-445E-BBFE-70ACA02E029E}.Debug|iPhone.ActiveCfg = Debug|iPhone
		{D82DE098-542A-445E-BBFE-70ACA02E029E}.Debug|iPhone.Build.0 = Debug|iPhone
		{D82DE098-542A-445E-BBFE-70ACA02E029E}.Debug|iPhone.Deploy.0 = Debug|iPhone
		{D82DE098-542A-445E-BBFE-70ACA02E029E}.Debug|iPhoneSimulator.ActiveCfg = Debug|iPhoneSimulator
		{D82DE098-542A-445E-BBFE-70ACA02E029E}.Debug|iPhoneSimulator.Build.0 = Debug|iPhoneSimulator
		{D82DE098-542A-445E-BBFE-70ACA02E029E}.Debug|iPhoneSimulator.Deploy.0 = Debug|iPhoneSimulator
		{D82DE098-542A-445E-BBFE-70ACA02E029E}.Release|Any CPU.ActiveCfg = Release|iPhone
		{D82DE098-542A-445E-BBFE-70ACA02E029E}.Release|Any CPU.Build.0 = Release|iPhone
		{D82DE098-542A-445E-BBFE-70ACA02E029E}.Release|Any CPU.Deploy.0 = Release|iPhone
		{D82DE098-542A-445E-BBFE-70ACA02E029E}.Release|iPhone.ActiveCfg = Release|iPhone
		{D82DE098-542A-445E-BBFE-70ACA02E029E}.Release|iPhone.Build.0 = Release|iPhone
		{D82DE098-542A-445E-BBFE-70ACA02E029E}.Release|iPhone.Deploy.0 = Release|iPhone
		{D82DE098-542A-445E-BBFE-70ACA02E029E}.Release|iPhoneSimulator.ActiveCfg = Release|iPhoneSimulator
		{D82DE098-542A-445E-BBFE-70ACA02E029E}.Release|iPhoneSimulator.Build.0 = Release|iPhoneSimulator
		{D82DE098-542A-445E-BBFE-70ACA02E029E}.Release|iPhoneSimulator.Deploy.0 = Release|iPhoneSimulator
		{397F09E9-7342-4D41-BB22-49DEC6E07C50}.Ad-Hoc|Any CPU.ActiveCfg = Debug|Any CPU
		{397F09E9-7342-4D41-BB22-49DEC6E07C50}.Ad-Hoc|Any CPU.Build.0 = Debug|Any CPU
		{397F09E9-7342-4D41-BB22-49DEC6E07C50}.Ad-Hoc|Any CPU.Deploy.0 = Debug|Any CPU
		{397F09E9-7342-4D41-BB22-49DEC6E07C50}.Ad-Hoc|iPhone.ActiveCfg = Debug|Any CPU
		{397F09E9-7342-4D41-BB22-49DEC6E07C50}.Ad-Hoc|iPhone.Build.0 = Debug|Any CPU
		{397F09E9-7342-4D41-BB22-49DEC6E07C50}.Ad-Hoc|iPhone.Deploy.0 = Debug|Any CPU
		{397F09E9-7342-4D41-BB22-49DEC6E07C50}.Ad-Hoc|iPhoneSimulator.ActiveCfg = Debug|Any CPU
		{397F09E9-7342-4D41-BB22-49DEC6E07C50}.Ad-Hoc|iPhoneSimulator.Build.0 = Debug|Any CPU
		{397F09E9-7342-4D41-BB22-49DEC6E07C50}.Ad-Hoc|iPhoneSimulator.Deploy.0 = Debug|Any CPU
		{397F09E9-7342-4D41-BB22-49DEC6E07C50}.AppStore|Any CPU.ActiveCfg = Debug|Any CPU
		{397F09E9-7342-4D41-BB22-49DEC6E07C50}.AppStore|Any CPU.Build.0 = Debug|Any CPU
		{397F09E9-7342-4D41-BB22-49DEC6E07C50}.AppStore|Any CPU.Deploy.0 = Debug|Any CPU
		{397F09E9-7342-4D41-BB22-49DEC6E07C50}.AppStore|iPhone.ActiveCfg = Debug|Any CPU
		{397F09E9-7342-4D41-BB22-49DEC6E07C50}.AppStore|iPhone.Build.0 = Debug|Any CPU
		{397F09E9-7342-4D41-BB22-49DEC6E07C50}.AppStore|iPhone.Deploy.0 = Debug|Any CPU
		{397F09E9-7342-4D41-BB22-49DEC6E07C50}.AppStore|iPhoneSimulator.ActiveCfg = Debug|Any CPU
		{397F09E9-7342-4D41-BB22-49DEC6E07C50}.AppStore|iPhoneSimulator.Build.0 = Debug|Any CPU
		{397F09E9-7342-4D41-BB22-49DEC6E07C50}.AppStore|iPhoneSimulator.Deploy.0 = Debug|Any CPU
		{397F09E9-7342-4D41-BB22-49DEC6E07C50}.Debug|Any CPU.ActiveCfg = Debug|Any CPU
		{397F09E9-7342-4D41-BB22-49DEC6E07C50}.Debug|Any CPU.Build.0 = Debug|Any CPU
		{397F09E9-7342-4D41-BB22-49DEC6E07C50}.Debug|Any CPU.Deploy.0 = Debug|Any CPU
		{397F09E9-7342-4D41-BB22-49DEC6E07C50}.Debug|iPhone.ActiveCfg = Debug|Any CPU
		{397F09E9-7342-4D41-BB22-49DEC6E07C50}.Debug|iPhone.Build.0 = Debug|Any CPU
		{397F09E9-7342-4D41-BB22-49DEC6E07C50}.Debug|iPhone.Deploy.0 = Debug|Any CPU
		{397F09E9-7342-4D41-BB22-49DEC6E07C50}.Debug|iPhoneSimulator.ActiveCfg = Debug|Any CPU
		{397F09E9-7342-4D41-BB22-49DEC6E07C50}.Debug|iPhoneSimulator.Build.0 = Debug|Any CPU
		{397F09E9-7342-4D41-BB22-49DEC6E07C50}.Debug|iPhoneSimulator.Deploy.0 = Debug|Any CPU
		{397F09E9-7342-4D41-BB22-49DEC6E07C50}.Release|Any CPU.ActiveCfg = Release|Any CPU
		{397F09E9-7342-4D41-BB22-49DEC6E07C50}.Release|Any CPU.Build.0 = Release|Any CPU
		{397F09E9-7342-4D41-BB22-49DEC6E07C50}.Release|Any CPU.Deploy.0 = Release|Any CPU
		{397F09E9-7342-4D41-BB22-49DEC6E07C50}.Release|iPhone.ActiveCfg = Release|Any CPU
		{397F09E9-7342-4D41-BB22-49DEC6E07C50}.Release|iPhone.Build.0 = Release|Any CPU
		{397F09E9-7342-4D41-BB22-49DEC6E07C50}.Release|iPhone.Deploy.0 = Release|Any CPU
		{397F09E9-7342-4D41-BB22-49DEC6E07C50}.Release|iPhoneSimulator.ActiveCfg = Release|Any CPU
		{397F09E9-7342-4D41-BB22-49DEC6E07C50}.Release|iPhoneSimulator.Build.0 = Release|Any CPU
		{397F09E9-7342-4D41-BB22-49DEC6E07C50}.Release|iPhoneSimulator.Deploy.0 = Release|Any CPU
	EndGlobalSection
	GlobalSection(SolutionProperties) = preSolution
		HideSolutionNode = FALSE
	EndGlobalSection
	GlobalSection(ExtensibilityGlobals) = postSolution
		SolutionGuid = {DD5D29DA-E455-4036-821C-23C152A5DD98}
	EndGlobalSection
EndGlobal
